
Microsoft Visual Studio Solution File, Format Version 12.00
# Visual Studio 15
VisualStudioVersion = 15.0.28010.2048
MinimumVisualStudioVersion = 10.0.40219.1
Project("{8BC9CEB8-8B4A-11D0-8D11-00A0C91BC942}") = "AGP Group Project", "AGP Group Project\AGP Group Project.vcxproj", "{D40A2406-70B0-4400-98A1-D12EF9FF9E19}"
EndProject
Global
	GlobalSection(SolutionConfigurationPlatforms) = preSolution
		Debug|x64 = Debug|x64
		Debug|x86 = Debug|x86
		Release|x64 = Release|x64
		Release|x86 = Release|x86
	EndGlobalSection
	GlobalSection(ProjectConfigurationPlatforms) = postSolution
		{D40A2406-70B0-4400-98A1-D12EF9FF9E19}.Debug|x64.ActiveCfg = Debug|x64
		{D40A2406-70B0-4400-98A1-D12EF9FF9E19}.Debug|x64.Build.0 = Debug|x64
		{D40A2406-70B0-4400-98A1-D12EF9FF9E19}.Debug|x86.ActiveCfg = Debug|Win32
		{D40A2406-70B0-4400-98A1-D12EF9FF9E19}.Debug|x86.Build.0 = Debug|Win32
		{D40A2406-70B0-4400-98A1-D12EF9FF9E19}.Release|x64.ActiveCfg = Release|x64
		{D40A2406-70B0-4400-98A1-D12EF9FF9E19}.Release|x64.Build.0 = Release|x64
		{D40A2406-70B0-4400-98A1-D12EF9FF9E19}.Release|x86.ActiveCfg = Release|Win32
		{D40A2406-70B0-4400-98A1-D12EF9FF9E19}.Release|x86.Build.0 = Release|Win32
	EndGlobalSection
	GlobalSection(SolutionProperties) = preSolution
		HideSolutionNode = FALSE
	EndGlobalSection
	GlobalSection(ExtensibilityGlobals) = postSolution
		SolutionGuid = {F7C5F2E8-7670-48C2-A70D-2B1AA83D86D7}
	EndGlobalSection
EndGlobal
